// !$*UTF8*$!
{
	archiveVersion = 1;
	classes = {
	};
	objectVersion = 56;
	objects = {

/* Begin PBXBuildFile section */
		4A0A2C9F2A8ABABE004BB1AE /* LostPetApp.swift in Sources */ = {isa = PBXBuildFile; fileRef = 4A0A2C9E2A8ABABE004BB1AE /* LostPetApp.swift */; };
		4A0A2CA12A8ABABE004BB1AE /* ContentView.swift in Sources */ = {isa = PBXBuildFile; fileRef = 4A0A2CA02A8ABABE004BB1AE /* ContentView.swift */; };
		4A0A2CA32A8ABABE004BB1AE /* Assets.xcassets in Resources */ = {isa = PBXBuildFile; fileRef = 4A0A2CA22A8ABABE004BB1AE /* Assets.xcassets */; };
		4A0A2CA62A8ABABE004BB1AE /* Preview Assets.xcassets in Resources */ = {isa = PBXBuildFile; fileRef = 4A0A2CA52A8ABABE004BB1AE /* Preview Assets.xcassets */; };
		4A0A2CAF2A8AD588004BB1AE /* GoogleService-Info.plist in Resources */ = {isa = PBXBuildFile; fileRef = 4A0A2CAE2A8AD588004BB1AE /* GoogleService-Info.plist */; };
		4A4281AE2A8B0E2A000A11FC /* FirebaseAnalytics in Frameworks */ = {isa = PBXBuildFile; productRef = 4A4281AD2A8B0E2A000A11FC /* FirebaseAnalytics */; };
		4A4281B02A8B0E2A000A11FC /* FirebaseAnalyticsSwift in Frameworks */ = {isa = PBXBuildFile; productRef = 4A4281AF2A8B0E2A000A11FC /* FirebaseAnalyticsSwift */; };
		4A4281B22A8B0E2A000A11FC /* FirebaseFirestore in Frameworks */ = {isa = PBXBuildFile; productRef = 4A4281B12A8B0E2A000A11FC /* FirebaseFirestore */; };
		4A4281B42A8B0E2A000A11FC /* FirebaseFirestoreSwift in Frameworks */ = {isa = PBXBuildFile; productRef = 4A4281B32A8B0E2A000A11FC /* FirebaseFirestoreSwift */; };
		4A4281B72A8BF3A3000A11FC /* FirebaseAuth in Frameworks */ = {isa = PBXBuildFile; productRef = 4A4281B62A8BF3A3000A11FC /* FirebaseAuth */; };
		4A4281B92A8BF40F000A11FC /* AuthView.swift in Sources */ = {isa = PBXBuildFile; fileRef = 4A4281B82A8BF40F000A11FC /* AuthView.swift */; };
		4A4281BD2A8BF530000A11FC /* AuthenticationManager.swift in Sources */ = {isa = PBXBuildFile; fileRef = 4A4281BC2A8BF530000A11FC /* AuthenticationManager.swift */; };
		4A4281BF2A8BF6F7000A11FC /* RootView.swift in Sources */ = {isa = PBXBuildFile; fileRef = 4A4281BE2A8BF6F7000A11FC /* RootView.swift */; };
		4A4281C22A8BF9B5000A11FC /* SettingView.swift in Sources */ = {isa = PBXBuildFile; fileRef = 4A4281C12A8BF9B5000A11FC /* SettingView.swift */; };
		4A4281C52A8C1FDE000A11FC /* GoogleSignIn in Frameworks */ = {isa = PBXBuildFile; productRef = 4A4281C42A8C1FDE000A11FC /* GoogleSignIn */; };
		4A4281C72A8C1FDE000A11FC /* GoogleSignInSwift in Frameworks */ = {isa = PBXBuildFile; productRef = 4A4281C62A8C1FDE000A11FC /* GoogleSignInSwift */; };
		4A4281CB2A8C2249000A11FC /* Utilities.swift in Sources */ = {isa = PBXBuildFile; fileRef = 4A4281CA2A8C2249000A11FC /* Utilities.swift */; };
		4A4281CE2A8C2D10000A11FC /* GoogleHelper.swift in Sources */ = {isa = PBXBuildFile; fileRef = 4A4281CD2A8C2D10000A11FC /* GoogleHelper.swift */; };
		4AD865232A8C69750012A1FF /* AppleHelper.swift in Sources */ = {isa = PBXBuildFile; fileRef = 4AD865222A8C69750012A1FF /* AppleHelper.swift */; };
		4AD865522A8D2CCF0012A1FF /* FirebaseFirestoreCombine-Community in Frameworks */ = {isa = PBXBuildFile; productRef = 4AD865512A8D2CCF0012A1FF /* FirebaseFirestoreCombine-Community */; };
		4AD865572A8D2DE30012A1FF /* ProfileViews.swift in Sources */ = {isa = PBXBuildFile; fileRef = 4AD865562A8D2DE30012A1FF /* ProfileViews.swift */; };
		4AD8655A2A8D35F20012A1FF /* UserManager.swift in Sources */ = {isa = PBXBuildFile; fileRef = 4AD865592A8D35F20012A1FF /* UserManager.swift */; };
		4AD8655C2A8D3A540012A1FF /* AuthenticationViewModel.swift in Sources */ = {isa = PBXBuildFile; fileRef = 4AD8655B2A8D3A540012A1FF /* AuthenticationViewModel.swift */; };
		4AD8655E2A8E4CED0012A1FF /* MarkerManager.swift in Sources */ = {isa = PBXBuildFile; fileRef = 4AD8655D2A8E4CED0012A1FF /* MarkerManager.swift */; };
		4AD865612A8E550F0012A1FF /* MarkerStructs.swift in Sources */ = {isa = PBXBuildFile; fileRef = 4AD865602A8E550F0012A1FF /* MarkerStructs.swift */; };
		4AD865662A8FF9140012A1FF /* MapView.swift in Sources */ = {isa = PBXBuildFile; fileRef = 4AD865652A8FF9140012A1FF /* MapView.swift */; };
		4AD865692A8FF95F0012A1FF /* MapManager.swift in Sources */ = {isa = PBXBuildFile; fileRef = 4AD865682A8FF95F0012A1FF /* MapManager.swift */; };
		4AD8656B2A8FFD1E0012A1FF /* NavigationBar.swift in Sources */ = {isa = PBXBuildFile; fileRef = 4AD8656A2A8FFD1E0012A1FF /* NavigationBar.swift */; };
		4AD8656D2A8FFD3D0012A1FF /* CameraView.swift in Sources */ = {isa = PBXBuildFile; fileRef = 4AD8656C2A8FFD3D0012A1FF /* CameraView.swift */; };
		4AD8656F2A91B8120012A1FF /* UserLocationManager.swift in Sources */ = {isa = PBXBuildFile; fileRef = 4AD8656E2A91B8120012A1FF /* UserLocationManager.swift */; };
/* End PBXBuildFile section */

/* Begin PBXFileReference section */
		4A0A2C9B2A8ABABE004BB1AE /* LostPet.app */ = {isa = PBXFileReference; explicitFileType = wrapper.application; includeInIndex = 0; path = LostPet.app; sourceTree = BUILT_PRODUCTS_DIR; };
		4A0A2C9E2A8ABABE004BB1AE /* LostPetApp.swift */ = {isa = PBXFileReference; lastKnownFileType = sourcecode.swift; path = LostPetApp.swift; sourceTree = "<group>"; };
		4A0A2CA02A8ABABE004BB1AE /* ContentView.swift */ = {isa = PBXFileReference; lastKnownFileType = sourcecode.swift; path = ContentView.swift; sourceTree = "<group>"; };
		4A0A2CA22A8ABABE004BB1AE /* Assets.xcassets */ = {isa = PBXFileReference; lastKnownFileType = folder.assetcatalog; path = Assets.xcassets; sourceTree = "<group>"; };
		4A0A2CA52A8ABABE004BB1AE /* Preview Assets.xcassets */ = {isa = PBXFileReference; lastKnownFileType = folder.assetcatalog; path = "Preview Assets.xcassets"; sourceTree = "<group>"; };
		4A0A2CAE2A8AD588004BB1AE /* GoogleService-Info.plist */ = {isa = PBXFileReference; fileEncoding = 4; lastKnownFileType = text.plist.xml; path = "GoogleService-Info.plist"; sourceTree = "<group>"; };
		4A4281B82A8BF40F000A11FC /* AuthView.swift */ = {isa = PBXFileReference; lastKnownFileType = sourcecode.swift; path = AuthView.swift; sourceTree = "<group>"; };
		4A4281BC2A8BF530000A11FC /* AuthenticationManager.swift */ = {isa = PBXFileReference; lastKnownFileType = sourcecode.swift; path = AuthenticationManager.swift; sourceTree = "<group>"; };
		4A4281BE2A8BF6F7000A11FC /* RootView.swift */ = {isa = PBXFileReference; lastKnownFileType = sourcecode.swift; path = RootView.swift; sourceTree = "<group>"; };
		4A4281C12A8BF9B5000A11FC /* SettingView.swift */ = {isa = PBXFileReference; lastKnownFileType = sourcecode.swift; path = SettingView.swift; sourceTree = "<group>"; };
		4A4281C82A8C2048000A11FC /* Info.plist */ = {isa = PBXFileReference; lastKnownFileType = text.plist; path = Info.plist; sourceTree = "<group>"; };
		4A4281CA2A8C2249000A11FC /* Utilities.swift */ = {isa = PBXFileReference; lastKnownFileType = sourcecode.swift; path = Utilities.swift; sourceTree = "<group>"; };
		4A4281CD2A8C2D10000A11FC /* GoogleHelper.swift */ = {isa = PBXFileReference; lastKnownFileType = sourcecode.swift; path = GoogleHelper.swift; sourceTree = "<group>"; };
		4AD865212A8C5BC60012A1FF /* LostPet.entitlements */ = {isa = PBXFileReference; lastKnownFileType = text.plist.entitlements; path = LostPet.entitlements; sourceTree = "<group>"; };
		4AD865222A8C69750012A1FF /* AppleHelper.swift */ = {isa = PBXFileReference; lastKnownFileType = sourcecode.swift; path = AppleHelper.swift; sourceTree = "<group>"; };
		4AD865562A8D2DE30012A1FF /* ProfileViews.swift */ = {isa = PBXFileReference; lastKnownFileType = sourcecode.swift; path = ProfileViews.swift; sourceTree = "<group>"; };
		4AD865592A8D35F20012A1FF /* UserManager.swift */ = {isa = PBXFileReference; lastKnownFileType = sourcecode.swift; path = UserManager.swift; sourceTree = "<group>"; };
		4AD8655B2A8D3A540012A1FF /* AuthenticationViewModel.swift */ = {isa = PBXFileReference; lastKnownFileType = sourcecode.swift; path = AuthenticationViewModel.swift; sourceTree = "<group>"; };
		4AD8655D2A8E4CED0012A1FF /* MarkerManager.swift */ = {isa = PBXFileReference; lastKnownFileType = sourcecode.swift; path = MarkerManager.swift; sourceTree = "<group>"; };
		4AD865602A8E550F0012A1FF /* MarkerStructs.swift */ = {isa = PBXFileReference; lastKnownFileType = sourcecode.swift; path = MarkerStructs.swift; sourceTree = "<group>"; };
		4AD865652A8FF9140012A1FF /* MapView.swift */ = {isa = PBXFileReference; lastKnownFileType = sourcecode.swift; path = MapView.swift; sourceTree = "<group>"; };
		4AD865682A8FF95F0012A1FF /* MapManager.swift */ = {isa = PBXFileReference; lastKnownFileType = sourcecode.swift; path = MapManager.swift; sourceTree = "<group>"; };
		4AD8656A2A8FFD1E0012A1FF /* NavigationBar.swift */ = {isa = PBXFileReference; lastKnownFileType = sourcecode.swift; path = NavigationBar.swift; sourceTree = "<group>"; };
		4AD8656C2A8FFD3D0012A1FF /* CameraView.swift */ = {isa = PBXFileReference; lastKnownFileType = sourcecode.swift; path = CameraView.swift; sourceTree = "<group>"; };
		4AD8656E2A91B8120012A1FF /* UserLocationManager.swift */ = {isa = PBXFileReference; lastKnownFileType = sourcecode.swift; path = UserLocationManager.swift; sourceTree = "<group>"; };
/* End PBXFileReference section */

/* Begin PBXFrameworksBuildPhase section */
		4A0A2C982A8ABABD004BB1AE /* Frameworks */ = {
			isa = PBXFrameworksBuildPhase;
			buildActionMask = 2147483647;
			files = (
				4A4281B02A8B0E2A000A11FC /* FirebaseAnalyticsSwift in Frameworks */,
				4AD865522A8D2CCF0012A1FF /* FirebaseFirestoreCombine-Community in Frameworks */,
				4A4281B72A8BF3A3000A11FC /* FirebaseAuth in Frameworks */,
				4A4281C72A8C1FDE000A11FC /* GoogleSignInSwift in Frameworks */,
				4A4281AE2A8B0E2A000A11FC /* FirebaseAnalytics in Frameworks */,
				4A4281B22A8B0E2A000A11FC /* FirebaseFirestore in Frameworks */,
				4A4281B42A8B0E2A000A11FC /* FirebaseFirestoreSwift in Frameworks */,
				4A4281C52A8C1FDE000A11FC /* GoogleSignIn in Frameworks */,
			);
			runOnlyForDeploymentPostprocessing = 0;
		};
/* End PBXFrameworksBuildPhase section */

/* Begin PBXGroup section */
		4A0A2C922A8ABABD004BB1AE = {
			isa = PBXGroup;
			children = (
				4A0A2C9D2A8ABABE004BB1AE /* LostPet */,
				4A0A2C9C2A8ABABE004BB1AE /* Products */,
				4A4281B52A8BF3A3000A11FC /* Frameworks */,
			);
			sourceTree = "<group>";
		};
		4A0A2C9C2A8ABABE004BB1AE /* Products */ = {
			isa = PBXGroup;
			children = (
				4A0A2C9B2A8ABABE004BB1AE /* LostPet.app */,
			);
			name = Products;
			sourceTree = "<group>";
		};
		4A0A2C9D2A8ABABE004BB1AE /* LostPet */ = {
			isa = PBXGroup;
			children = (
				4AD865212A8C5BC60012A1FF /* LostPet.entitlements */,
				4A4281C82A8C2048000A11FC /* Info.plist */,
				4A0A2C9E2A8ABABE004BB1AE /* LostPetApp.swift */,
				4A0A2CA02A8ABABE004BB1AE /* ContentView.swift */,
				4AD865542A8D2D7E0012A1FF /* PrincipalViews */,
				4AD865532A8D2D710012A1FF /* CoreViews */,
				4AD865672A8FF92C0012A1FF /* MapManager */,
				4AD865622A8FF7680012A1FF /* MarkersUtilities */,
				4AD865582A8D356B0012A1FF /* Firestore */,
				4A0A2CA22A8ABABE004BB1AE /* Assets.xcassets */,
				4A0A2CAE2A8AD588004BB1AE /* GoogleService-Info.plist */,
				4A0A2CA42A8ABABE004BB1AE /* Preview Content */,
				4A0A2CB02A8AD654004BB1AE /* Packages */,
			);
			path = LostPet;
			sourceTree = "<group>";
		};
		4A0A2CA42A8ABABE004BB1AE /* Preview Content */ = {
			isa = PBXGroup;
			children = (
				4A0A2CA52A8ABABE004BB1AE /* Preview Assets.xcassets */,
			);
			path = "Preview Content";
			sourceTree = "<group>";
		};
		4A0A2CB02A8AD654004BB1AE /* Packages */ = {
			isa = PBXGroup;
			children = (
			);
			name = Packages;
			path = ..;
			sourceTree = "<group>";
		};
		4A4281B52A8BF3A3000A11FC /* Frameworks */ = {
			isa = PBXGroup;
			children = (
			);
			name = Frameworks;
			sourceTree = "<group>";
		};
		4A4281BA2A8BF414000A11FC /* LogInviews */ = {
			isa = PBXGroup;
			children = (
				4A4281BB2A8BF505000A11FC /* Authfunc */,
			);
			path = LogInviews;
			sourceTree = "<group>";
		};
		4A4281BB2A8BF505000A11FC /* Authfunc */ = {
			isa = PBXGroup;
			children = (
				4AD865642A8FF8E30012A1FF /* AuthViews */,
				4A4281C92A8C2232000A11FC /* SignInOption */,
			);
			path = Authfunc;
			sourceTree = "<group>";
		};
		4A4281C02A8BF9A6000A11FC /* SettingViews */ = {
			isa = PBXGroup;
			children = (
				4A4281BE2A8BF6F7000A11FC /* RootView.swift */,
				4A4281C12A8BF9B5000A11FC /* SettingView.swift */,
			);
			path = SettingViews;
			sourceTree = "<group>";
		};
		4A4281C92A8C2232000A11FC /* SignInOption */ = {
			isa = PBXGroup;
			children = (
				4A4281CC2A8C2CF8000A11FC /* GoogleHelper */,
				4AD865242A8C697A0012A1FF /* AppleHelper */,
			);
			path = SignInOption;
			sourceTree = "<group>";
		};
		4A4281CC2A8C2CF8000A11FC /* GoogleHelper */ = {
			isa = PBXGroup;
			children = (
				4A4281CD2A8C2D10000A11FC /* GoogleHelper.swift */,
			);
			path = GoogleHelper;
			sourceTree = "<group>";
		};
		4AD865242A8C697A0012A1FF /* AppleHelper */ = {
			isa = PBXGroup;
			children = (
				4AD865222A8C69750012A1FF /* AppleHelper.swift */,
			);
			path = AppleHelper;
			sourceTree = "<group>";
		};
		4AD865532A8D2D710012A1FF /* CoreViews */ = {
			isa = PBXGroup;
			children = (
				4AD865632A8FF8CB0012A1FF /* PrincipalViews */,
				4A4281BA2A8BF414000A11FC /* LogInviews */,
				4AD8655F2A8E54E70012A1FF /* Utilities */,
			);
			path = CoreViews;
			sourceTree = "<group>";
		};
		4AD865542A8D2D7E0012A1FF /* PrincipalViews */ = {
			isa = PBXGroup;
			children = (
				4A4281C02A8BF9A6000A11FC /* SettingViews */,
			);
			path = PrincipalViews;
			sourceTree = "<group>";
		};
		4AD865582A8D356B0012A1FF /* Firestore */ = {
			isa = PBXGroup;
			children = (
				4AD865592A8D35F20012A1FF /* UserManager.swift */,
			);
			path = Firestore;
			sourceTree = "<group>";
		};
		4AD8655F2A8E54E70012A1FF /* Utilities */ = {
			isa = PBXGroup;
			children = (
				4A4281CA2A8C2249000A11FC /* Utilities.swift */,
			);
			path = Utilities;
			sourceTree = "<group>";
		};
		4AD865622A8FF7680012A1FF /* MarkersUtilities */ = {
			isa = PBXGroup;
			children = (
				4AD8655D2A8E4CED0012A1FF /* MarkerManager.swift */,
				4AD865602A8E550F0012A1FF /* MarkerStructs.swift */,
			);
			path = MarkersUtilities;
			sourceTree = "<group>";
		};
		4AD865632A8FF8CB0012A1FF /* PrincipalViews */ = {
			isa = PBXGroup;
			children = (
				4AD865652A8FF9140012A1FF /* MapView.swift */,
				4AD8656E2A91B8120012A1FF /* UserLocationManager.swift */,
				4AD8656A2A8FFD1E0012A1FF /* NavigationBar.swift */,
				4AD8656C2A8FFD3D0012A1FF /* CameraView.swift */,
				4AD865562A8D2DE30012A1FF /* ProfileViews.swift */,
			);
			path = PrincipalViews;
			sourceTree = "<group>";
		};
		4AD865642A8FF8E30012A1FF /* AuthViews */ = {
			isa = PBXGroup;
			children = (
				4A4281BC2A8BF530000A11FC /* AuthenticationManager.swift */,
				4AD8655B2A8D3A540012A1FF /* AuthenticationViewModel.swift */,
				4A4281B82A8BF40F000A11FC /* AuthView.swift */,
			);
			path = AuthViews;
			sourceTree = "<group>";
		};
		4AD865672A8FF92C0012A1FF /* MapManager */ = {
			isa = PBXGroup;
			children = (
				4AD865682A8FF95F0012A1FF /* MapManager.swift */,
			);
			path = MapManager;
			sourceTree = "<group>";
		};
/* End PBXGroup section */

/* Begin PBXNativeTarget section */
		4A0A2C9A2A8ABABD004BB1AE /* LostPet */ = {
			isa = PBXNativeTarget;
			buildConfigurationList = 4A0A2CA92A8ABABE004BB1AE /* Build configuration list for PBXNativeTarget "LostPet" */;
			buildPhases = (
				4A0A2C972A8ABABD004BB1AE /* Sources */,
				4A0A2C982A8ABABD004BB1AE /* Frameworks */,
				4A0A2C992A8ABABD004BB1AE /* Resources */,
			);
			buildRules = (
			);
			dependencies = (
			);
			name = LostPet;
			packageProductDependencies = (
				4A4281AD2A8B0E2A000A11FC /* FirebaseAnalytics */,
				4A4281AF2A8B0E2A000A11FC /* FirebaseAnalyticsSwift */,
				4A4281B12A8B0E2A000A11FC /* FirebaseFirestore */,
				4A4281B32A8B0E2A000A11FC /* FirebaseFirestoreSwift */,
				4A4281B62A8BF3A3000A11FC /* FirebaseAuth */,
				4A4281C42A8C1FDE000A11FC /* GoogleSignIn */,
				4A4281C62A8C1FDE000A11FC /* GoogleSignInSwift */,
				4AD865512A8D2CCF0012A1FF /* FirebaseFirestoreCombine-Community */,
			);
			productName = LostPet;
			productReference = 4A0A2C9B2A8ABABE004BB1AE /* LostPet.app */;
			productType = "com.apple.product-type.application";
		};
/* End PBXNativeTarget section */

/* Begin PBXProject section */
		4A0A2C932A8ABABD004BB1AE /* Project object */ = {
			isa = PBXProject;
			attributes = {
				BuildIndependentTargetsInParallel = 1;
				LastSwiftUpdateCheck = 1430;
				LastUpgradeCheck = 1430;
				TargetAttributes = {
					4A0A2C9A2A8ABABD004BB1AE = {
						CreatedOnToolsVersion = 14.3.1;
					};
				};
			};
			buildConfigurationList = 4A0A2C962A8ABABD004BB1AE /* Build configuration list for PBXProject "LostPet" */;
			compatibilityVersion = "Xcode 14.0";
			developmentRegion = en;
			hasScannedForEncodings = 0;
			knownRegions = (
				en,
				Base,
			);
			mainGroup = 4A0A2C922A8ABABD004BB1AE;
			packageReferences = (
				4A4281AC2A8B0E2A000A11FC /* XCRemoteSwiftPackageReference "firebase-ios-sdk" */,
				4A4281C32A8C1FDE000A11FC /* XCRemoteSwiftPackageReference "GoogleSignIn-iOS" */,
			);
			productRefGroup = 4A0A2C9C2A8ABABE004BB1AE /* Products */;
			projectDirPath = "";
			projectRoot = "";
			targets = (
				4A0A2C9A2A8ABABD004BB1AE /* LostPet */,
			);
		};
/* End PBXProject section */

/* Begin PBXResourcesBuildPhase section */
		4A0A2C992A8ABABD004BB1AE /* Resources */ = {
			isa = PBXResourcesBuildPhase;
			buildActionMask = 2147483647;
			files = (
				4A0A2CA62A8ABABE004BB1AE /* Preview Assets.xcassets in Resources */,
				4A0A2CA32A8ABABE004BB1AE /* Assets.xcassets in Resources */,
				4A0A2CAF2A8AD588004BB1AE /* GoogleService-Info.plist in Resources */,
			);
			runOnlyForDeploymentPostprocessing = 0;
		};
/* End PBXResourcesBuildPhase section */

/* Begin PBXSourcesBuildPhase section */
		4A0A2C972A8ABABD004BB1AE /* Sources */ = {
			isa = PBXSourcesBuildPhase;
			buildActionMask = 2147483647;
			files = (
				4AD8656B2A8FFD1E0012A1FF /* NavigationBar.swift in Sources */,
				4AD8655C2A8D3A540012A1FF /* AuthenticationViewModel.swift in Sources */,
				4AD8656F2A91B8120012A1FF /* UserLocationManager.swift in Sources */,
				4A0A2CA12A8ABABE004BB1AE /* ContentView.swift in Sources */,
				4AD8656D2A8FFD3D0012A1FF /* CameraView.swift in Sources */,
				4AD865232A8C69750012A1FF /* AppleHelper.swift in Sources */,
				4AD865572A8D2DE30012A1FF /* ProfileViews.swift in Sources */,
				4AD865692A8FF95F0012A1FF /* MapManager.swift in Sources */,
				4A4281BD2A8BF530000A11FC /* AuthenticationManager.swift in Sources */,
				4A4281CE2A8C2D10000A11FC /* GoogleHelper.swift in Sources */,
				4A4281CB2A8C2249000A11FC /* Utilities.swift in Sources */,
				4AD865662A8FF9140012A1FF /* MapView.swift in Sources */,
				4A0A2C9F2A8ABABE004BB1AE /* LostPetApp.swift in Sources */,
				4AD865612A8E550F0012A1FF /* MarkerStructs.swift in Sources */,
				4A4281C22A8BF9B5000A11FC /* SettingView.swift in Sources */,
				4A4281B92A8BF40F000A11FC /* AuthView.swift in Sources */,
				4AD8655A2A8D35F20012A1FF /* UserManager.swift in Sources */,
				4A4281BF2A8BF6F7000A11FC /* RootView.swift in Sources */,
				4AD8655E2A8E4CED0012A1FF /* MarkerManager.swift in Sources */,
			);
			runOnlyForDeploymentPostprocessing = 0;
		};
/* End PBXSourcesBuildPhase section */

/* Begin XCBuildConfiguration section */
		4A0A2CA72A8ABABE004BB1AE /* Debug */ = {
			isa = XCBuildConfiguration;
			buildSettings = {
				ALWAYS_SEARCH_USER_PATHS = NO;
				CLANG_ANALYZER_NONNULL = YES;
				CLANG_ANALYZER_NUMBER_OBJECT_CONVERSION = YES_AGGRESSIVE;
				CLANG_CXX_LANGUAGE_STANDARD = "gnu++20";
				CLANG_ENABLE_MODULES = YES;
				CLANG_ENABLE_OBJC_ARC = YES;
				CLANG_ENABLE_OBJC_WEAK = YES;
				CLANG_WARN_BLOCK_CAPTURE_AUTORELEASING = YES;
				CLANG_WARN_BOOL_CONVERSION = YES;
				CLANG_WARN_COMMA = YES;
				CLANG_WARN_CONSTANT_CONVERSION = YES;
				CLANG_WARN_DEPRECATED_OBJC_IMPLEMENTATIONS = YES;
				CLANG_WARN_DIRECT_OBJC_ISA_USAGE = YES_ERROR;
				CLANG_WARN_DOCUMENTATION_COMMENTS = YES;
				CLANG_WARN_EMPTY_BODY = YES;
				CLANG_WARN_ENUM_CONVERSION = YES;
				CLANG_WARN_INFINITE_RECURSION = YES;
				CLANG_WARN_INT_CONVERSION = YES;
				CLANG_WARN_NON_LITERAL_NULL_CONVERSION = YES;
				CLANG_WARN_OBJC_IMPLICIT_RETAIN_SELF = YES;
				CLANG_WARN_OBJC_LITERAL_CONVERSION = YES;
				CLANG_WARN_OBJC_ROOT_CLASS = YES_ERROR;
				CLANG_WARN_QUOTED_INCLUDE_IN_FRAMEWORK_HEADER = YES;
				CLANG_WARN_RANGE_LOOP_ANALYSIS = YES;
				CLANG_WARN_STRICT_PROTOTYPES = YES;
				CLANG_WARN_SUSPICIOUS_MOVE = YES;
				CLANG_WARN_UNGUARDED_AVAILABILITY = YES_AGGRESSIVE;
				CLANG_WARN_UNREACHABLE_CODE = YES;
				CLANG_WARN__DUPLICATE_METHOD_MATCH = YES;
				COPY_PHASE_STRIP = NO;
				DEBUG_INFORMATION_FORMAT = dwarf;
				ENABLE_STRICT_OBJC_MSGSEND = YES;
				ENABLE_TESTABILITY = YES;
				GCC_C_LANGUAGE_STANDARD = gnu11;
				GCC_DYNAMIC_NO_PIC = NO;
				GCC_NO_COMMON_BLOCKS = YES;
				GCC_OPTIMIZATION_LEVEL = 0;
				GCC_PREPROCESSOR_DEFINITIONS = (
					"DEBUG=1",
					"$(inherited)",
				);
				GCC_WARN_64_TO_32_BIT_CONVERSION = YES;
				GCC_WARN_ABOUT_RETURN_TYPE = YES_ERROR;
				GCC_WARN_UNDECLARED_SELECTOR = YES;
				GCC_WARN_UNINITIALIZED_AUTOS = YES_AGGRESSIVE;
				GCC_WARN_UNUSED_FUNCTION = YES;
				GCC_WARN_UNUSED_VARIABLE = YES;
				IPHONEOS_DEPLOYMENT_TARGET = 16.4;
				MTL_ENABLE_DEBUG_INFO = INCLUDE_SOURCE;
				MTL_FAST_MATH = YES;
				ONLY_ACTIVE_ARCH = YES;
				SDKROOT = iphoneos;
				SWIFT_ACTIVE_COMPILATION_CONDITIONS = DEBUG;
				SWIFT_OPTIMIZATION_LEVEL = "-Onone";
			};
			name = Debug;
		};
		4A0A2CA82A8ABABE004BB1AE /* Release */ = {
			isa = XCBuildConfiguration;
			buildSettings = {
				ALWAYS_SEARCH_USER_PATHS = NO;
				CLANG_ANALYZER_NONNULL = YES;
				CLANG_ANALYZER_NUMBER_OBJECT_CONVERSION = YES_AGGRESSIVE;
				CLANG_CXX_LANGUAGE_STANDARD = "gnu++20";
				CLANG_ENABLE_MODULES = YES;
				CLANG_ENABLE_OBJC_ARC = YES;
				CLANG_ENABLE_OBJC_WEAK = YES;
				CLANG_WARN_BLOCK_CAPTURE_AUTORELEASING = YES;
				CLANG_WARN_BOOL_CONVERSION = YES;
				CLANG_WARN_COMMA = YES;
				CLANG_WARN_CONSTANT_CONVERSION = YES;
				CLANG_WARN_DEPRECATED_OBJC_IMPLEMENTATIONS = YES;
				CLANG_WARN_DIRECT_OBJC_ISA_USAGE = YES_ERROR;
				CLANG_WARN_DOCUMENTATION_COMMENTS = YES;
				CLANG_WARN_EMPTY_BODY = YES;
				CLANG_WARN_ENUM_CONVERSION = YES;
				CLANG_WARN_INFINITE_RECURSION = YES;
				CLANG_WARN_INT_CONVERSION = YES;
				CLANG_WARN_NON_LITERAL_NULL_CONVERSION = YES;
				CLANG_WARN_OBJC_IMPLICIT_RETAIN_SELF = YES;
				CLANG_WARN_OBJC_LITERAL_CONVERSION = YES;
				CLANG_WARN_OBJC_ROOT_CLASS = YES_ERROR;
				CLANG_WARN_QUOTED_INCLUDE_IN_FRAMEWORK_HEADER = YES;
				CLANG_WARN_RANGE_LOOP_ANALYSIS = YES;
				CLANG_WARN_STRICT_PROTOTYPES = YES;
				CLANG_WARN_SUSPICIOUS_MOVE = YES;
				CLANG_WARN_UNGUARDED_AVAILABILITY = YES_AGGRESSIVE;
				CLANG_WARN_UNREACHABLE_CODE = YES;
				CLANG_WARN__DUPLICATE_METHOD_MATCH = YES;
				COPY_PHASE_STRIP = NO;
				DEBUG_INFORMATION_FORMAT = "dwarf-with-dsym";
				ENABLE_NS_ASSERTIONS = NO;
				ENABLE_STRICT_OBJC_MSGSEND = YES;
				GCC_C_LANGUAGE_STANDARD = gnu11;
				GCC_NO_COMMON_BLOCKS = YES;
				GCC_WARN_64_TO_32_BIT_CONVERSION = YES;
				GCC_WARN_ABOUT_RETURN_TYPE = YES_ERROR;
				GCC_WARN_UNDECLARED_SELECTOR = YES;
				GCC_WARN_UNINITIALIZED_AUTOS = YES_AGGRESSIVE;
				GCC_WARN_UNUSED_FUNCTION = YES;
				GCC_WARN_UNUSED_VARIABLE = YES;
				IPHONEOS_DEPLOYMENT_TARGET = 16.4;
				MTL_ENABLE_DEBUG_INFO = NO;
				MTL_FAST_MATH = YES;
				SDKROOT = iphoneos;
				SWIFT_COMPILATION_MODE = wholemodule;
				SWIFT_OPTIMIZATION_LEVEL = "-O";
				VALIDATE_PRODUCT = YES;
			};
			name = Release;
		};
		4A0A2CAA2A8ABABE004BB1AE /* Debug */ = {
			isa = XCBuildConfiguration;
			buildSettings = {
				ASSETCATALOG_COMPILER_APPICON_NAME = AppIcon;
				ASSETCATALOG_COMPILER_GLOBAL_ACCENT_COLOR_NAME = AccentColor;
				CODE_SIGN_ENTITLEMENTS = LostPet/LostPet.entitlements;
				CODE_SIGN_STYLE = Automatic;
				CURRENT_PROJECT_VERSION = 1;
				DEVELOPMENT_ASSET_PATHS = "\"LostPet/Preview Content\"";
				DEVELOPMENT_TEAM = W765WFC8Q7;
				ENABLE_PREVIEWS = YES;
				GENERATE_INFOPLIST_FILE = YES;
				INFOPLIST_FILE = LostPet/Info.plist;
				INFOPLIST_KEY_NSLocationWhenInUseUsageDescription = "This app will need you location to be able to put markers on the map";
				INFOPLIST_KEY_UIApplicationSceneManifest_Generation = YES;
				INFOPLIST_KEY_UIApplicationSupportsIndirectInputEvents = YES;
				INFOPLIST_KEY_UILaunchScreen_Generation = YES;
				INFOPLIST_KEY_UISupportedInterfaceOrientations_iPad = "UIInterfaceOrientationPortrait UIInterfaceOrientationPortraitUpsideDown UIInterfaceOrientationLandscapeLeft UIInterfaceOrientationLandscapeRight";
				INFOPLIST_KEY_UISupportedInterfaceOrientations_iPhone = "UIInterfaceOrientationPortrait UIInterfaceOrientationLandscapeLeft UIInterfaceOrientationLandscapeRight";
				LD_RUNPATH_SEARCH_PATHS = (
					"$(inherited)",
					"@executable_path/Frameworks",
				);
				MARKETING_VERSION = 1.0;
				PRODUCT_BUNDLE_IDENTIFIER = com.LostPet;
				PRODUCT_NAME = "$(TARGET_NAME)";
				SWIFT_EMIT_LOC_STRINGS = YES;
				SWIFT_VERSION = 5.0;
				TARGETED_DEVICE_FAMILY = "1,2";
			};
			name = Debug;
		};
		4A0A2CAB2A8ABABE004BB1AE /* Release */ = {
			isa = XCBuildConfiguration;
			buildSettings = {
				ASSETCATALOG_COMPILER_APPICON_NAME = AppIcon;
				ASSETCATALOG_COMPILER_GLOBAL_ACCENT_COLOR_NAME = AccentColor;
				CODE_SIGN_ENTITLEMENTS = LostPet/LostPet.entitlements;
				CODE_SIGN_STYLE = Automatic;
				CURRENT_PROJECT_VERSION = 1;
				DEVELOPMENT_ASSET_PATHS = "\"LostPet/Preview Content\"";
				DEVELOPMENT_TEAM = W765WFC8Q7;
				ENABLE_PREVIEWS = YES;
				GENERATE_INFOPLIST_FILE = YES;
				INFOPLIST_FILE = LostPet/Info.plist;
				INFOPLIST_KEY_NSLocationWhenInUseUsageDescription = "This app will need you location to be able to put markers on the map";
				INFOPLIST_KEY_UIApplicationSceneManifest_Generation = YES;
				INFOPLIST_KEY_UIApplicationSupportsIndirectInputEvents = YES;
				INFOPLIST_KEY_UILaunchScreen_Generation = YES;
				INFOPLIST_KEY_UISupportedInterfaceOrientations_iPad = "UIInterfaceOrientationPortrait UIInterfaceOrientationPortraitUpsideDown UIInterfaceOrientationLandscapeLeft UIInterfaceOrientationLandscapeRight";
				INFOPLIST_KEY_UISupportedInterfaceOrientations_iPhone = "UIInterfaceOrientationPortrait UIInterfaceOrientationLandscapeLeft UIInterfaceOrientationLandscapeRight";
				LD_RUNPATH_SEARCH_PATHS = (
					"$(inherited)",
					"@executable_path/Frameworks",
				);
				MARKETING_VERSION = 1.0;
				PRODUCT_BUNDLE_IDENTIFIER = com.LostPet;
				PRODUCT_NAME = "$(TARGET_NAME)";
				SWIFT_EMIT_LOC_STRINGS = YES;
				SWIFT_VERSION = 5.0;
				TARGETED_DEVICE_FAMILY = "1,2";
			};
			name = Release;
		};
/* End XCBuildConfiguration section */

/* Begin XCConfigurationList section */
		4A0A2C962A8ABABD004BB1AE /* Build configuration list for PBXProject "LostPet" */ = {
			isa = XCConfigurationList;
			buildConfigurations = (
				4A0A2CA72A8ABABE004BB1AE /* Debug */,
				4A0A2CA82A8ABABE004BB1AE /* Release */,
			);
			defaultConfigurationIsVisible = 0;
			defaultConfigurationName = Release;
		};
		4A0A2CA92A8ABABE004BB1AE /* Build configuration list for PBXNativeTarget "LostPet" */ = {
			isa = XCConfigurationList;
			buildConfigurations = (
				4A0A2CAA2A8ABABE004BB1AE /* Debug */,
				4A0A2CAB2A8ABABE004BB1AE /* Release */,
			);
			defaultConfigurationIsVisible = 0;
			defaultConfigurationName = Release;
		};
/* End XCConfigurationList section */

/* Begin XCRemoteSwiftPackageReference section */
		4A4281AC2A8B0E2A000A11FC /* XCRemoteSwiftPackageReference "firebase-ios-sdk" */ = {
			isa = XCRemoteSwiftPackageReference;
			repositoryURL = "https://github.com/firebase/firebase-ios-sdk";
			requirement = {
				kind = upToNextMajorVersion;
				minimumVersion = 10.13.0;
			};
		};
		4A4281C32A8C1FDE000A11FC /* XCRemoteSwiftPackageReference "GoogleSignIn-iOS" */ = {
			isa = XCRemoteSwiftPackageReference;
			repositoryURL = "https://github.com/google/GoogleSignIn-iOS";
			requirement = {
				kind = upToNextMajorVersion;
				minimumVersion = 7.0.0;
			};
		};
/* End XCRemoteSwiftPackageReference section */

/* Begin XCSwiftPackageProductDependency section */
		4A4281AD2A8B0E2A000A11FC /* FirebaseAnalytics */ = {
			isa = XCSwiftPackageProductDependency;
			package = 4A4281AC2A8B0E2A000A11FC /* XCRemoteSwiftPackageReference "firebase-ios-sdk" */;
			productName = FirebaseAnalytics;
		};
		4A4281AF2A8B0E2A000A11FC /* FirebaseAnalyticsSwift */ = {
			isa = XCSwiftPackageProductDependency;
			package = 4A4281AC2A8B0E2A000A11FC /* XCRemoteSwiftPackageReference "firebase-ios-sdk" */;
			productName = FirebaseAnalyticsSwift;
		};
		4A4281B12A8B0E2A000A11FC /* FirebaseFirestore */ = {
			isa = XCSwiftPackageProductDependency;
			package = 4A4281AC2A8B0E2A000A11FC /* XCRemoteSwiftPackageReference "firebase-ios-sdk" */;
			productName = FirebaseFirestore;
		};
		4A4281B32A8B0E2A000A11FC /* FirebaseFirestoreSwift */ = {
			isa = XCSwiftPackageProductDependency;
			package = 4A4281AC2A8B0E2A000A11FC /* XCRemoteSwiftPackageReference "firebase-ios-sdk" */;
			productName = FirebaseFirestoreSwift;
		};
		4A4281B62A8BF3A3000A11FC /* FirebaseAuth */ = {
			isa = XCSwiftPackageProductDependency;
			package = 4A4281AC2A8B0E2A000A11FC /* XCRemoteSwiftPackageReference "firebase-ios-sdk" */;
			productName = FirebaseAuth;
		};
		4A4281C42A8C1FDE000A11FC /* GoogleSignIn */ = {
			isa = XCSwiftPackageProductDependency;
			package = 4A4281C32A8C1FDE000A11FC /* XCRemoteSwiftPackageReference "GoogleSignIn-iOS" */;
			productName = GoogleSignIn;
		};
		4A4281C62A8C1FDE000A11FC /* GoogleSignInSwift */ = {
			isa = XCSwiftPackageProductDependency;
			package = 4A4281C32A8C1FDE000A11FC /* XCRemoteSwiftPackageReference "GoogleSignIn-iOS" */;
			productName = GoogleSignInSwift;
		};
		4AD865512A8D2CCF0012A1FF /* FirebaseFirestoreCombine-Community */ = {
			isa = XCSwiftPackageProductDependency;
			package = 4A4281AC2A8B0E2A000A11FC /* XCRemoteSwiftPackageReference "firebase-ios-sdk" */;
			productName = "FirebaseFirestoreCombine-Community";
		};
/* End XCSwiftPackageProductDependency section */
	};
	rootObject = 4A0A2C932A8ABABD004BB1AE /* Project object */;
}
