// !$*UTF8*$!
{
	archiveVersion = 1;
	classes = {
	};
	objectVersion = 56;
	objects = {

/* Begin PBXBuildFile section */
		4A0A2C9F2A8ABABE004BB1AE /* LostPetApp.swift in Sources */ = {isa = PBXBuildFile; fileRef = 4A0A2C9E2A8ABABE004BB1AE /* LostPetApp.swift */; };
		4A0A2CA12A8ABABE004BB1AE /* ContentView.swift in Sources */ = {isa = PBXBuildFile; fileRef = 4A0A2CA02A8ABABE004BB1AE /* ContentView.swift */; };
		4A0A2CA32A8ABABE004BB1AE /* Assets.xcassets in Resources */ = {isa = PBXBuildFile; fileRef = 4A0A2CA22A8ABABE004BB1AE /* Assets.xcassets */; };
		4A0A2CA62A8ABABE004BB1AE /* Preview Assets.xcassets in Resources */ = {isa = PBXBuildFile; fileRef = 4A0A2CA52A8ABABE004BB1AE /* Preview Assets.xcassets */; };
		4A0A2CAF2A8AD588004BB1AE /* GoogleService-Info.plist in Resources */ = {isa = PBXBuildFile; fileRef = 4A0A2CAE2A8AD588004BB1AE /* GoogleService-Info.plist */; };
		4A4281AE2A8B0E2A000A11FC /* FirebaseAnalytics in Frameworks */ = {isa = PBXBuildFile; productRef = 4A4281AD2A8B0E2A000A11FC /* FirebaseAnalytics */; };
		4A4281B02A8B0E2A000A11FC /* FirebaseAnalyticsSwift in Frameworks */ = {isa = PBXBuildFile; productRef = 4A4281AF2A8B0E2A000A11FC /* FirebaseAnalyticsSwift */; };
		4A4281B22A8B0E2A000A11FC /* FirebaseFirestore in Frameworks */ = {isa = PBXBuildFile; productRef = 4A4281B12A8B0E2A000A11FC /* FirebaseFirestore */; };
		4A4281B42A8B0E2A000A11FC /* FirebaseFirestoreSwift in Frameworks */ = {isa = PBXBuildFile; productRef = 4A4281B32A8B0E2A000A11FC /* FirebaseFirestoreSwift */; };
/* End PBXBuildFile section */

/* Begin PBXFileReference section */
		4A0A2C9B2A8ABABE004BB1AE /* LostPet.app */ = {isa = PBXFileReference; explicitFileType = wrapper.application; includeInIndex = 0; path = LostPet.app; sourceTree = BUILT_PRODUCTS_DIR; };
		4A0A2C9E2A8ABABE004BB1AE /* LostPetApp.swift */ = {isa = PBXFileReference; lastKnownFileType = sourcecode.swift; path = LostPetApp.swift; sourceTree = "<group>"; };
		4A0A2CA02A8ABABE004BB1AE /* ContentView.swift */ = {isa = PBXFileReference; lastKnownFileType = sourcecode.swift; path = ContentView.swift; sourceTree = "<group>"; };
		4A0A2CA22A8ABABE004BB1AE /* Assets.xcassets */ = {isa = PBXFileReference; lastKnownFileType = folder.assetcatalog; path = Assets.xcassets; sourceTree = "<group>"; };
		4A0A2CA52A8ABABE004BB1AE /* Preview Assets.xcassets */ = {isa = PBXFileReference; lastKnownFileType = folder.assetcatalog; path = "Preview Assets.xcassets"; sourceTree = "<group>"; };
		4A0A2CAE2A8AD588004BB1AE /* GoogleService-Info.plist */ = {isa = PBXFileReference; fileEncoding = 4; lastKnownFileType = text.plist.xml; path = "GoogleService-Info.plist"; sourceTree = "<group>"; };
/* End PBXFileReference section */

/* Begin PBXFrameworksBuildPhase section */
		4A0A2C982A8ABABD004BB1AE /* Frameworks */ = {
			isa = PBXFrameworksBuildPhase;
			buildActionMask = 2147483647;
			files = (
				4A4281B02A8B0E2A000A11FC /* FirebaseAnalyticsSwift in Frameworks */,
				4A4281AE2A8B0E2A000A11FC /* FirebaseAnalytics in Frameworks */,
				4A4281B22A8B0E2A000A11FC /* FirebaseFirestore in Frameworks */,
				4A4281B42A8B0E2A000A11FC /* FirebaseFirestoreSwift in Frameworks */,
			);
			runOnlyForDeploymentPostprocessing = 0;
		};
/* End PBXFrameworksBuildPhase section */

/* Begin PBXGroup section */
		4A0A2C922A8ABABD004BB1AE = {
			isa = PBXGroup;
			children = (
				4A0A2C9D2A8ABABE004BB1AE /* LostPet */,
				4A0A2C9C2A8ABABE004BB1AE /* Products */,
			);
			sourceTree = "<group>";
		};
		4A0A2C9C2A8ABABE004BB1AE /* Products */ = {
			isa = PBXGroup;
			children = (
				4A0A2C9B2A8ABABE004BB1AE /* LostPet.app */,
			);
			name = Products;
			sourceTree = "<group>";
		};
		4A0A2C9D2A8ABABE004BB1AE /* LostPet */ = {
			isa = PBXGroup;
			children = (
				4A0A2C9E2A8ABABE004BB1AE /* LostPetApp.swift */,
				4A0A2CA02A8ABABE004BB1AE /* ContentView.swift */,
				4A0A2CA22A8ABABE004BB1AE /* Assets.xcassets */,
				4A0A2CAE2A8AD588004BB1AE /* GoogleService-Info.plist */,
				4A0A2CA42A8ABABE004BB1AE /* Preview Content */,
				4A0A2CB02A8AD654004BB1AE /* Packages */,
			);
			path = LostPet;
			sourceTree = "<group>";
		};
		4A0A2CA42A8ABABE004BB1AE /* Preview Content */ = {
			isa = PBXGroup;
			children = (
				4A0A2CA52A8ABABE004BB1AE /* Preview Assets.xcassets */,
			);
			path = "Preview Content";
			sourceTree = "<group>";
		};
		4A0A2CB02A8AD654004BB1AE /* Packages */ = {
			isa = PBXGroup;
			children = (
			);
			name = Packages;
			path = ..;
			sourceTree = "<group>";
		};
/* End PBXGroup section */

/* Begin PBXNativeTarget section */
		4A0A2C9A2A8ABABD004BB1AE /* LostPet */ = {
			isa = PBXNativeTarget;
			buildConfigurationList = 4A0A2CA92A8ABABE004BB1AE /* Build configuration list for PBXNativeTarget "LostPet" */;
			buildPhases = (
				4A0A2C972A8ABABD004BB1AE /* Sources */,
				4A0A2C982A8ABABD004BB1AE /* Frameworks */,
				4A0A2C992A8ABABD004BB1AE /* Resources */,
			);
			buildRules = (
			);
			dependencies = (
			);
			name = LostPet;
			packageProductDependencies = (
				4A4281AD2A8B0E2A000A11FC /* FirebaseAnalytics */,
				4A4281AF2A8B0E2A000A11FC /* FirebaseAnalyticsSwift */,
				4A4281B12A8B0E2A000A11FC /* FirebaseFirestore */,
				4A4281B32A8B0E2A000A11FC /* FirebaseFirestoreSwift */,
			);
			productName = LostPet;
			productReference = 4A0A2C9B2A8ABABE004BB1AE /* LostPet.app */;
			productType = "com.apple.product-type.application";
		};
/* End PBXNativeTarget section */

/* Begin PBXProject section */
		4A0A2C932A8ABABD004BB1AE /* Project object */ = {
			isa = PBXProject;
			attributes = {
				BuildIndependentTargetsInParallel = 1;
				LastSwiftUpdateCheck = 1430;
				LastUpgradeCheck = 1430;
				TargetAttributes = {
					4A0A2C9A2A8ABABD004BB1AE = {
						CreatedOnToolsVersion = 14.3.1;
					};
				};
			};
			buildConfigurationList = 4A0A2C962A8ABABD004BB1AE /* Build configuration list for PBXProject "LostPet" */;
			compatibilityVersion = "Xcode 14.0";
			developmentRegion = en;
			hasScannedForEncodings = 0;
			knownRegions = (
				en,
				Base,
			);
			mainGroup = 4A0A2C922A8ABABD004BB1AE;
			packageReferences = (
				4A4281AC2A8B0E2A000A11FC /* XCRemoteSwiftPackageReference "firebase-ios-sdk" */,
			);
			productRefGroup = 4A0A2C9C2A8ABABE004BB1AE /* Products */;
			projectDirPath = "";
			projectRoot = "";
			targets = (
				4A0A2C9A2A8ABABD004BB1AE /* LostPet */,
			);
		};
/* End PBXProject section */

/* Begin PBXResourcesBuildPhase section */
		4A0A2C992A8ABABD004BB1AE /* Resources */ = {
			isa = PBXResourcesBuildPhase;
			buildActionMask = 2147483647;
			files = (
				4A0A2CA62A8ABABE004BB1AE /* Preview Assets.xcassets in Resources */,
				4A0A2CA32A8ABABE004BB1AE /* Assets.xcassets in Resources */,
				4A0A2CAF2A8AD588004BB1AE /* GoogleService-Info.plist in Resources */,
			);
			runOnlyForDeploymentPostprocessing = 0;
		};
/* End PBXResourcesBuildPhase section */

/* Begin PBXSourcesBuildPhase section */
		4A0A2C972A8ABABD004BB1AE /* Sources */ = {
			isa = PBXSourcesBuildPhase;
			buildActionMask = 2147483647;
			files = (
				4A0A2CA12A8ABABE004BB1AE /* ContentView.swift in Sources */,
				4A0A2C9F2A8ABABE004BB1AE /* LostPetApp.swift in Sources */,
			);
			runOnlyForDeploymentPostprocessing = 0;
		};
/* End PBXSourcesBuildPhase section */

/* Begin XCBuildConfiguration section */
		4A0A2CA72A8ABABE004BB1AE /* Debug */ = {
			isa = XCBuildConfiguration;
			buildSettings = {
				ALWAYS_SEARCH_USER_PATHS = NO;
				CLANG_ANALYZER_NONNULL = YES;
				CLANG_ANALYZER_NUMBER_OBJECT_CONVERSION = YES_AGGRESSIVE;
				CLANG_CXX_LANGUAGE_STANDARD = "gnu++20";
				CLANG_ENABLE_MODULES = YES;
				CLANG_ENABLE_OBJC_ARC = YES;
				CLANG_ENABLE_OBJC_WEAK = YES;
				CLANG_WARN_BLOCK_CAPTURE_AUTORELEASING = YES;
				CLANG_WARN_BOOL_CONVERSION = YES;
				CLANG_WARN_COMMA = YES;
				CLANG_WARN_CONSTANT_CONVERSION = YES;
				CLANG_WARN_DEPRECATED_OBJC_IMPLEMENTATIONS = YES;
				CLANG_WARN_DIRECT_OBJC_ISA_USAGE = YES_ERROR;
				CLANG_WARN_DOCUMENTATION_COMMENTS = YES;
				CLANG_WARN_EMPTY_BODY = YES;
				CLANG_WARN_ENUM_CONVERSION = YES;
				CLANG_WARN_INFINITE_RECURSION = YES;
				CLANG_WARN_INT_CONVERSION = YES;
				CLANG_WARN_NON_LITERAL_NULL_CONVERSION = YES;
				CLANG_WARN_OBJC_IMPLICIT_RETAIN_SELF = YES;
				CLANG_WARN_OBJC_LITERAL_CONVERSION = YES;
				CLANG_WARN_OBJC_ROOT_CLASS = YES_ERROR;
				CLANG_WARN_QUOTED_INCLUDE_IN_FRAMEWORK_HEADER = YES;
				CLANG_WARN_RANGE_LOOP_ANALYSIS = YES;
				CLANG_WARN_STRICT_PROTOTYPES = YES;
				CLANG_WARN_SUSPICIOUS_MOVE = YES;
				CLANG_WARN_UNGUARDED_AVAILABILITY = YES_AGGRESSIVE;
				CLANG_WARN_UNREACHABLE_CODE = YES;
				CLANG_WARN__DUPLICATE_METHOD_MATCH = YES;
				COPY_PHASE_STRIP = NO;
				DEBUG_INFORMATION_FORMAT = dwarf;
				ENABLE_STRICT_OBJC_MSGSEND = YES;
				ENABLE_TESTABILITY = YES;
				GCC_C_LANGUAGE_STANDARD = gnu11;
				GCC_DYNAMIC_NO_PIC = NO;
				GCC_NO_COMMON_BLOCKS = YES;
				GCC_OPTIMIZATION_LEVEL = 0;
				GCC_PREPROCESSOR_DEFINITIONS = (
					"DEBUG=1",
					"$(inherited)",
				);
				GCC_WARN_64_TO_32_BIT_CONVERSION = YES;
				GCC_WARN_ABOUT_RETURN_TYPE = YES_ERROR;
				GCC_WARN_UNDECLARED_SELECTOR = YES;
				GCC_WARN_UNINITIALIZED_AUTOS = YES_AGGRESSIVE;
				GCC_WARN_UNUSED_FUNCTION = YES;
				GCC_WARN_UNUSED_VARIABLE = YES;
				IPHONEOS_DEPLOYMENT_TARGET = 16.4;
				MTL_ENABLE_DEBUG_INFO = INCLUDE_SOURCE;
				MTL_FAST_MATH = YES;
				ONLY_ACTIVE_ARCH = YES;
				SDKROOT = iphoneos;
				SWIFT_ACTIVE_COMPILATION_CONDITIONS = DEBUG;
				SWIFT_OPTIMIZATION_LEVEL = "-Onone";
			};
			name = Debug;
		};
		4A0A2CA82A8ABABE004BB1AE /* Release */ = {
			isa = XCBuildConfiguration;
			buildSettings = {
				ALWAYS_SEARCH_USER_PATHS = NO;
				CLANG_ANALYZER_NONNULL = YES;
				CLANG_ANALYZER_NUMBER_OBJECT_CONVERSION = YES_AGGRESSIVE;
				CLANG_CXX_LANGUAGE_STANDARD = "gnu++20";
				CLANG_ENABLE_MODULES = YES;
				CLANG_ENABLE_OBJC_ARC = YES;
				CLANG_ENABLE_OBJC_WEAK = YES;
				CLANG_WARN_BLOCK_CAPTURE_AUTORELEASING = YES;
				CLANG_WARN_BOOL_CONVERSION = YES;
				CLANG_WARN_COMMA = YES;
				CLANG_WARN_CONSTANT_CONVERSION = YES;
				CLANG_WARN_DEPRECATED_OBJC_IMPLEMENTATIONS = YES;
				CLANG_WARN_DIRECT_OBJC_ISA_USAGE = YES_ERROR;
				CLANG_WARN_DOCUMENTATION_COMMENTS = YES;
				CLANG_WARN_EMPTY_BODY = YES;
				CLANG_WARN_ENUM_CONVERSION = YES;
				CLANG_WARN_INFINITE_RECURSION = YES;
				CLANG_WARN_INT_CONVERSION = YES;
				CLANG_WARN_NON_LITERAL_NULL_CONVERSION = YES;
				CLANG_WARN_OBJC_IMPLICIT_RETAIN_SELF = YES;
				CLANG_WARN_OBJC_LITERAL_CONVERSION = YES;
				CLANG_WARN_OBJC_ROOT_CLASS = YES_ERROR;
				CLANG_WARN_QUOTED_INCLUDE_IN_FRAMEWORK_HEADER = YES;
				CLANG_WARN_RANGE_LOOP_ANALYSIS = YES;
				CLANG_WARN_STRICT_PROTOTYPES = YES;
				CLANG_WARN_SUSPICIOUS_MOVE = YES;
				CLANG_WARN_UNGUARDED_AVAILABILITY = YES_AGGRESSIVE;
				CLANG_WARN_UNREACHABLE_CODE = YES;
				CLANG_WARN__DUPLICATE_METHOD_MATCH = YES;
				COPY_PHASE_STRIP = NO;
				DEBUG_INFORMATION_FORMAT = "dwarf-with-dsym";
				ENABLE_NS_ASSERTIONS = NO;
				ENABLE_STRICT_OBJC_MSGSEND = YES;
				GCC_C_LANGUAGE_STANDARD = gnu11;
				GCC_NO_COMMON_BLOCKS = YES;
				GCC_WARN_64_TO_32_BIT_CONVERSION = YES;
				GCC_WARN_ABOUT_RETURN_TYPE = YES_ERROR;
				GCC_WARN_UNDECLARED_SELECTOR = YES;
				GCC_WARN_UNINITIALIZED_AUTOS = YES_AGGRESSIVE;
				GCC_WARN_UNUSED_FUNCTION = YES;
				GCC_WARN_UNUSED_VARIABLE = YES;
				IPHONEOS_DEPLOYMENT_TARGET = 16.4;
				MTL_ENABLE_DEBUG_INFO = NO;
				MTL_FAST_MATH = YES;
				SDKROOT = iphoneos;
				SWIFT_COMPILATION_MODE = wholemodule;
				SWIFT_OPTIMIZATION_LEVEL = "-O";
				VALIDATE_PRODUCT = YES;
			};
			name = Release;
		};
		4A0A2CAA2A8ABABE004BB1AE /* Debug */ = {
			isa = XCBuildConfiguration;
			buildSettings = {
				ASSETCATALOG_COMPILER_APPICON_NAME = AppIcon;
				ASSETCATALOG_COMPILER_GLOBAL_ACCENT_COLOR_NAME = AccentColor;
				CODE_SIGN_STYLE = Automatic;
				CURRENT_PROJECT_VERSION = 1;
				DEVELOPMENT_ASSET_PATHS = "\"LostPet/Preview Content\"";
				DEVELOPMENT_TEAM = W765WFC8Q7;
				ENABLE_PREVIEWS = YES;
				GENERATE_INFOPLIST_FILE = YES;
				INFOPLIST_KEY_UIApplicationSceneManifest_Generation = YES;
				INFOPLIST_KEY_UIApplicationSupportsIndirectInputEvents = YES;
				INFOPLIST_KEY_UILaunchScreen_Generation = YES;
				INFOPLIST_KEY_UISupportedInterfaceOrientations_iPad = "UIInterfaceOrientationPortrait UIInterfaceOrientationPortraitUpsideDown UIInterfaceOrientationLandscapeLeft UIInterfaceOrientationLandscapeRight";
				INFOPLIST_KEY_UISupportedInterfaceOrientations_iPhone = "UIInterfaceOrientationPortrait UIInterfaceOrientationLandscapeLeft UIInterfaceOrientationLandscapeRight";
				LD_RUNPATH_SEARCH_PATHS = (
					"$(inherited)",
					"@executable_path/Frameworks",
				);
				MARKETING_VERSION = 1.0;
				PRODUCT_BUNDLE_IDENTIFIER = com.LostPet;
				PRODUCT_NAME = "$(TARGET_NAME)";
				SWIFT_EMIT_LOC_STRINGS = YES;
				SWIFT_VERSION = 5.0;
				TARGETED_DEVICE_FAMILY = "1,2";
			};
			name = Debug;
		};
		4A0A2CAB2A8ABABE004BB1AE /* Release */ = {
			isa = XCBuildConfiguration;
			buildSettings = {
				ASSETCATALOG_COMPILER_APPICON_NAME = AppIcon;
				ASSETCATALOG_COMPILER_GLOBAL_ACCENT_COLOR_NAME = AccentColor;
				CODE_SIGN_STYLE = Automatic;
				CURRENT_PROJECT_VERSION = 1;
				DEVELOPMENT_ASSET_PATHS = "\"LostPet/Preview Content\"";
				DEVELOPMENT_TEAM = W765WFC8Q7;
				ENABLE_PREVIEWS = YES;
				GENERATE_INFOPLIST_FILE = YES;
				INFOPLIST_KEY_UIApplicationSceneManifest_Generation = YES;
				INFOPLIST_KEY_UIApplicationSupportsIndirectInputEvents = YES;
				INFOPLIST_KEY_UILaunchScreen_Generation = YES;
				INFOPLIST_KEY_UISupportedInterfaceOrientations_iPad = "UIInterfaceOrientationPortrait UIInterfaceOrientationPortraitUpsideDown UIInterfaceOrientationLandscapeLeft UIInterfaceOrientationLandscapeRight";
				INFOPLIST_KEY_UISupportedInterfaceOrientations_iPhone = "UIInterfaceOrientationPortrait UIInterfaceOrientationLandscapeLeft UIInterfaceOrientationLandscapeRight";
				LD_RUNPATH_SEARCH_PATHS = (
					"$(inherited)",
					"@executable_path/Frameworks",
				);
				MARKETING_VERSION = 1.0;
				PRODUCT_BUNDLE_IDENTIFIER = com.LostPet;
				PRODUCT_NAME = "$(TARGET_NAME)";
				SWIFT_EMIT_LOC_STRINGS = YES;
				SWIFT_VERSION = 5.0;
				TARGETED_DEVICE_FAMILY = "1,2";
			};
			name = Release;
		};
/* End XCBuildConfiguration section */

/* Begin XCConfigurationList section */
		4A0A2C962A8ABABD004BB1AE /* Build configuration list for PBXProject "LostPet" */ = {
			isa = XCConfigurationList;
			buildConfigurations = (
				4A0A2CA72A8ABABE004BB1AE /* Debug */,
				4A0A2CA82A8ABABE004BB1AE /* Release */,
			);
			defaultConfigurationIsVisible = 0;
			defaultConfigurationName = Release;
		};
		4A0A2CA92A8ABABE004BB1AE /* Build configuration list for PBXNativeTarget "LostPet" */ = {
			isa = XCConfigurationList;
			buildConfigurations = (
				4A0A2CAA2A8ABABE004BB1AE /* Debug */,
				4A0A2CAB2A8ABABE004BB1AE /* Release */,
			);
			defaultConfigurationIsVisible = 0;
			defaultConfigurationName = Release;
		};
/* End XCConfigurationList section */

/* Begin XCRemoteSwiftPackageReference section */
		4A4281AC2A8B0E2A000A11FC /* XCRemoteSwiftPackageReference "firebase-ios-sdk" */ = {
			isa = XCRemoteSwiftPackageReference;
			repositoryURL = "https://github.com/firebase/firebase-ios-sdk";
			requirement = {
				kind = upToNextMajorVersion;
				minimumVersion = 10.13.0;
			};
		};
/* End XCRemoteSwiftPackageReference section */

/* Begin XCSwiftPackageProductDependency section */
		4A4281AD2A8B0E2A000A11FC /* FirebaseAnalytics */ = {
			isa = XCSwiftPackageProductDependency;
			package = 4A4281AC2A8B0E2A000A11FC /* XCRemoteSwiftPackageReference "firebase-ios-sdk" */;
			productName = FirebaseAnalytics;
		};
		4A4281AF2A8B0E2A000A11FC /* FirebaseAnalyticsSwift */ = {
			isa = XCSwiftPackageProductDependency;
			package = 4A4281AC2A8B0E2A000A11FC /* XCRemoteSwiftPackageReference "firebase-ios-sdk" */;
			productName = FirebaseAnalyticsSwift;
		};
		4A4281B12A8B0E2A000A11FC /* FirebaseFirestore */ = {
			isa = XCSwiftPackageProductDependency;
			package = 4A4281AC2A8B0E2A000A11FC /* XCRemoteSwiftPackageReference "firebase-ios-sdk" */;
			productName = FirebaseFirestore;
		};
		4A4281B32A8B0E2A000A11FC /* FirebaseFirestoreSwift */ = {
			isa = XCSwiftPackageProductDependency;
			package = 4A4281AC2A8B0E2A000A11FC /* XCRemoteSwiftPackageReference "firebase-ios-sdk" */;
			productName = FirebaseFirestoreSwift;
		};
/* End XCSwiftPackageProductDependency section */
	};
	rootObject = 4A0A2C932A8ABABD004BB1AE /* Project object */;
}
